{
  "name": "miniprojet-802",
  "version": "1.0.0",
  "lockfileVersion": 3,
  "requires": true,
  "packages": {
    "": {
      "name": "miniprojet-802",
      "version": "1.0.0",
      "license": "ISC",
      "dependencies": {
        "miniprojet-802": "file:"
      }
    },
    "node_modules/miniprojet-802": {
      "resolved": "",
      "link": true
    }
  }
}
